
Microsoft Visual Studio Solution File, Format Version 12.00
# Visual Studio Version 17
VisualStudioVersion = 17.6.33801.468
MinimumVisualStudioVersion = 10.0.40219.1
Project("{8BC9CEB8-8B4A-11D0-8D11-00A0C91BC942}") = "loader", "loader\loader.vcxproj", "{BA3045DA-066E-4BA7-84A9-6FB947DA6DF2}"
EndProject
Global
	GlobalSection(SolutionConfigurationPlatforms) = preSolution
		Debug|x64 = Debug|x64
		Release|x64 = Release|x64
	EndGlobalSection
	GlobalSection(ProjectConfigurationPlatforms) = postSolution
		{BA3045DA-066E-4BA7-84A9-6FB947DA6DF2}.Debug|x64.ActiveCfg = Debug|x64
		{BA3045DA-066E-4BA7-84A9-6FB947DA6DF2}.Debug|x64.Build.0 = Debug|x64
		{BA3045DA-066E-4BA7-84A9-6FB947DA6DF2}.Release|x64.ActiveCfg = Release|x64
		{BA3045DA-066E-4BA7-84A9-6FB947DA6DF2}.Release|x64.Build.0 = Release|x64
	EndGlobalSection
	GlobalSection(SolutionProperties) = preSolution
		HideSolutionNode = FALSE
	EndGlobalSection
	GlobalSection(ExtensibilityGlobals) = postSolution
		SolutionGuid = {3A67AD6B-58EA-40C5-9392-ADA6123C8217}
	EndGlobalSection
EndGlobal
